
Microsoft Visual Studio Solution File, Format Version 12.00
# Visual Studio Version 17
VisualStudioVersion = 17.10.35122.118
MinimumVisualStudioVersion = 10.0.40219.1
Project("{8BC9CEB8-8B4A-11D0-8D11-00A0C91BC942}") = "CplusplusProject", "CplusplusProject\CplusplusProject.vcxproj", "{F552EB33-3652-46E7-835C-2C174EC3AD79}"
EndProject
Project("{8BC9CEB8-8B4A-11D0-8D11-00A0C91BC942}") = "ConsoleText", "ConsoleText\ConsoleText.vcxproj", "{8BCC96E2-CEE9-400F-8C1B-03FFB9C37F16}"
EndProject
Project("{8BC9CEB8-8B4A-11D0-8D11-00A0C91BC942}") = "RPGBattleSystem", "RPGBattleSystem\RPGBattleSystem.vcxproj", "{E729D8E8-80F6-4FE9-BDD9-8D19A7F2CF66}"
EndProject
Project("{8BC9CEB8-8B4A-11D0-8D11-00A0C91BC942}") = "ToyProject", "ToyProject\ToyProject.vcxproj", "{F56B4C8D-04DD-45C0-91C5-B49916FCFD3F}"
EndProject
Project("{8BC9CEB8-8B4A-11D0-8D11-00A0C91BC942}") = "TikTaeToe", "TikTaeToe\TikTaeToe.vcxproj", "{691EADE3-78EE-4543-9522-50A9D2AFE0AE}"
EndProject
Project("{8BC9CEB8-8B4A-11D0-8D11-00A0C91BC942}") = "TickTaeToe", "TickTaeToe\TickTaeToe.vcxproj", "{7DA8FC16-AD88-46E2-863E-4A25BEE93FCE}"
EndProject
Global
	GlobalSection(SolutionConfigurationPlatforms) = preSolution
		Debug|x64 = Debug|x64
		Debug|x86 = Debug|x86
		Release|x64 = Release|x64
		Release|x86 = Release|x86
	EndGlobalSection
	GlobalSection(ProjectConfigurationPlatforms) = postSolution
		{F552EB33-3652-46E7-835C-2C174EC3AD79}.Debug|x64.ActiveCfg = Debug|x64
		{F552EB33-3652-46E7-835C-2C174EC3AD79}.Debug|x64.Build.0 = Debug|x64
		{F552EB33-3652-46E7-835C-2C174EC3AD79}.Debug|x86.ActiveCfg = Debug|Win32
		{F552EB33-3652-46E7-835C-2C174EC3AD79}.Debug|x86.Build.0 = Debug|Win32
		{F552EB33-3652-46E7-835C-2C174EC3AD79}.Release|x64.ActiveCfg = Release|x64
		{F552EB33-3652-46E7-835C-2C174EC3AD79}.Release|x64.Build.0 = Release|x64
		{F552EB33-3652-46E7-835C-2C174EC3AD79}.Release|x86.ActiveCfg = Release|Win32
		{F552EB33-3652-46E7-835C-2C174EC3AD79}.Release|x86.Build.0 = Release|Win32
		{8BCC96E2-CEE9-400F-8C1B-03FFB9C37F16}.Debug|x64.ActiveCfg = Debug|x64
		{8BCC96E2-CEE9-400F-8C1B-03FFB9C37F16}.Debug|x64.Build.0 = Debug|x64
		{8BCC96E2-CEE9-400F-8C1B-03FFB9C37F16}.Debug|x86.ActiveCfg = Debug|Win32
		{8BCC96E2-CEE9-400F-8C1B-03FFB9C37F16}.Debug|x86.Build.0 = Debug|Win32
		{8BCC96E2-CEE9-400F-8C1B-03FFB9C37F16}.Release|x64.ActiveCfg = Release|x64
		{8BCC96E2-CEE9-400F-8C1B-03FFB9C37F16}.Release|x64.Build.0 = Release|x64
		{8BCC96E2-CEE9-400F-8C1B-03FFB9C37F16}.Release|x86.ActiveCfg = Release|Win32
		{8BCC96E2-CEE9-400F-8C1B-03FFB9C37F16}.Release|x86.Build.0 = Release|Win32
		{E729D8E8-80F6-4FE9-BDD9-8D19A7F2CF66}.Debug|x64.ActiveCfg = Debug|x64
		{E729D8E8-80F6-4FE9-BDD9-8D19A7F2CF66}.Debug|x64.Build.0 = Debug|x64
		{E729D8E8-80F6-4FE9-BDD9-8D19A7F2CF66}.Debug|x86.ActiveCfg = Debug|Win32
		{E729D8E8-80F6-4FE9-BDD9-8D19A7F2CF66}.Debug|x86.Build.0 = Debug|Win32
		{E729D8E8-80F6-4FE9-BDD9-8D19A7F2CF66}.Release|x64.ActiveCfg = Release|x64
		{E729D8E8-80F6-4FE9-BDD9-8D19A7F2CF66}.Release|x64.Build.0 = Release|x64
		{E729D8E8-80F6-4FE9-BDD9-8D19A7F2CF66}.Release|x86.ActiveCfg = Release|Win32
		{E729D8E8-80F6-4FE9-BDD9-8D19A7F2CF66}.Release|x86.Build.0 = Release|Win32
		{F56B4C8D-04DD-45C0-91C5-B49916FCFD3F}.Debug|x64.ActiveCfg = Debug|x64
		{F56B4C8D-04DD-45C0-91C5-B49916FCFD3F}.Debug|x64.Build.0 = Debug|x64
		{F56B4C8D-04DD-45C0-91C5-B49916FCFD3F}.Debug|x86.ActiveCfg = Debug|Win32
		{F56B4C8D-04DD-45C0-91C5-B49916FCFD3F}.Debug|x86.Build.0 = Debug|Win32
		{F56B4C8D-04DD-45C0-91C5-B49916FCFD3F}.Release|x64.ActiveCfg = Release|x64
		{F56B4C8D-04DD-45C0-91C5-B49916FCFD3F}.Release|x64.Build.0 = Release|x64
		{F56B4C8D-04DD-45C0-91C5-B49916FCFD3F}.Release|x86.ActiveCfg = Release|Win32
		{F56B4C8D-04DD-45C0-91C5-B49916FCFD3F}.Release|x86.Build.0 = Release|Win32
		{691EADE3-78EE-4543-9522-50A9D2AFE0AE}.Debug|x64.ActiveCfg = Debug|x64
		{691EADE3-78EE-4543-9522-50A9D2AFE0AE}.Debug|x64.Build.0 = Debug|x64
		{691EADE3-78EE-4543-9522-50A9D2AFE0AE}.Debug|x86.ActiveCfg = Debug|Win32
		{691EADE3-78EE-4543-9522-50A9D2AFE0AE}.Debug|x86.Build.0 = Debug|Win32
		{691EADE3-78EE-4543-9522-50A9D2AFE0AE}.Release|x64.ActiveCfg = Release|x64
		{691EADE3-78EE-4543-9522-50A9D2AFE0AE}.Release|x64.Build.0 = Release|x64
		{691EADE3-78EE-4543-9522-50A9D2AFE0AE}.Release|x86.ActiveCfg = Release|Win32
		{691EADE3-78EE-4543-9522-50A9D2AFE0AE}.Release|x86.Build.0 = Release|Win32
		{7DA8FC16-AD88-46E2-863E-4A25BEE93FCE}.Debug|x64.ActiveCfg = Debug|x64
		{7DA8FC16-AD88-46E2-863E-4A25BEE93FCE}.Debug|x64.Build.0 = Debug|x64
		{7DA8FC16-AD88-46E2-863E-4A25BEE93FCE}.Debug|x86.ActiveCfg = Debug|Win32
		{7DA8FC16-AD88-46E2-863E-4A25BEE93FCE}.Debug|x86.Build.0 = Debug|Win32
		{7DA8FC16-AD88-46E2-863E-4A25BEE93FCE}.Release|x64.ActiveCfg = Release|x64
		{7DA8FC16-AD88-46E2-863E-4A25BEE93FCE}.Release|x64.Build.0 = Release|x64
		{7DA8FC16-AD88-46E2-863E-4A25BEE93FCE}.Release|x86.ActiveCfg = Release|Win32
		{7DA8FC16-AD88-46E2-863E-4A25BEE93FCE}.Release|x86.Build.0 = Release|Win32
	EndGlobalSection
	GlobalSection(SolutionProperties) = preSolution
		HideSolutionNode = FALSE
	EndGlobalSection
	GlobalSection(ExtensibilityGlobals) = postSolution
		SolutionGuid = {73EE2EAA-9B87-44A5-87AF-0DB756C7A8F1}
	EndGlobalSection
EndGlobal
